
Microsoft Visual Studio Solution File, Format Version 12.00
# Visual Studio Version 16
VisualStudioVersion = 16.0.31424.327
MinimumVisualStudioVersion = 10.0.40219.1
Project("{FAE04EC0-301F-11D3-BF4B-00C04F79EFBC}") = "PROVA 4", "PROVA 4\PROVA 4.csproj", "{FE92905E-3468-4DFD-9168-E01826AF7DCC}"
EndProject
Global
	GlobalSection(SolutionConfigurationPlatforms) = preSolution
		Debug|Any CPU = Debug|Any CPU
		Release|Any CPU = Release|Any CPU
	EndGlobalSection
	GlobalSection(ProjectConfigurationPlatforms) = postSolution
		{FE92905E-3468-4DFD-9168-E01826AF7DCC}.Debug|Any CPU.ActiveCfg = Debug|Any CPU
		{FE92905E-3468-4DFD-9168-E01826AF7DCC}.Debug|Any CPU.Build.0 = Debug|Any CPU
		{FE92905E-3468-4DFD-9168-E01826AF7DCC}.Release|Any CPU.ActiveCfg = Release|Any CPU
		{FE92905E-3468-4DFD-9168-E01826AF7DCC}.Release|Any CPU.Build.0 = Release|Any CPU
	EndGlobalSection
	GlobalSection(SolutionProperties) = preSolution
		HideSolutionNode = FALSE
	EndGlobalSection
	GlobalSection(ExtensibilityGlobals) = postSolution
		SolutionGuid = {D87F42B3-24B7-491A-A2CD-A439822C9C43}
	EndGlobalSection
EndGlobal
